SITE
  remote: http://community.opscode.com/api/v1
  specs:
    7-zip (1.0.2)
      windows (>= 1.2.2)
    application (3.0.0)
    ark (0.9.0)
      7-zip (>= 0.0.0)
      windows (>= 0.0.0)
    chef-sugar (2.0.0)
    chef_handler (1.1.6)
    java (1.22.0)
    openssl (2.0.0)
      chef-sugar (>= 0.0.0)
    solr_app (0.0.3)
      application (>= 0.0.0)
      application_java (>= 1.1.0)
      ark (>= 0.0.0)
      tomcat (>= 0.0.0)
    tomcat (0.16.0)
      java (>= 0.0.0)
      openssl (>= 0.0.0)
    windows (1.31.0)
      chef_handler (>= 0.0.0)

GIT
  remote: https://github.com/poise/application_java
  ref: master
  sha: cbb023366bbd666e9026586da7a6aa200c4fe1ec
  specs:
    application_java (3.0.1)
      application (~> 3.0)
      java (>= 0.0.0)
      tomcat (>= 0.0.0)

DEPENDENCIES
  application_java (>= 0)
  solr_app (= 0.0.3)

